
Microsoft Visual Studio Solution File, Format Version 12.00
# Visual Studio Version 16
VisualStudioVersion = 16.0.809.3
MinimumVisualStudioVersion = 10.0.40219.1
Project("{FAE04EC0-301F-11D3-BF4B-00C04F79EFBC}") = "AllMyLights", "AllMyLights.csproj", "{600282AB-62AF-4567-BA9D-EEA611779525}"
EndProject
Global
	GlobalSection(SolutionConfigurationPlatforms) = preSolution
		Debug|Any CPU = Debug|Any CPU
		Release|Any CPU = Release|Any CPU
	EndGlobalSection
	GlobalSection(ProjectConfigurationPlatforms) = postSolution
		{600282AB-62AF-4567-BA9D-EEA611779525}.Debug|Any CPU.ActiveCfg = Debug|Any CPU
		{600282AB-62AF-4567-BA9D-EEA611779525}.Debug|Any CPU.Build.0 = Debug|Any CPU
		{600282AB-62AF-4567-BA9D-EEA611779525}.Release|Any CPU.ActiveCfg = Release|Any CPU
		{600282AB-62AF-4567-BA9D-EEA611779525}.Release|Any CPU.Build.0 = Release|Any CPU
	EndGlobalSection
	GlobalSection(SolutionProperties) = preSolution
		HideSolutionNode = FALSE
	EndGlobalSection
	GlobalSection(ExtensibilityGlobals) = postSolution
		SolutionGuid = {5B2E0160-D5B6-4F04-B8AF-0FA6D02508E1}
	EndGlobalSection
EndGlobal
